// !$*UTF8*$!
{
	archiveVersion = 1;
	classes = {
	};
	objectVersion = 56;
	objects = {

/* Begin PBXBuildFile section */
		072402AF2C63903F00145106 /* WeatherForecastApp.swift in Sources */ = {isa = PBXBuildFile; fileRef = 072402AE2C63903F00145106 /* WeatherForecastApp.swift */; };
		072402B12C63903F00145106 /* ContentView.swift in Sources */ = {isa = PBXBuildFile; fileRef = 072402B02C63903F00145106 /* ContentView.swift */; };
		072402B32C63905300145106 /* Assets.xcassets in Resources */ = {isa = PBXBuildFile; fileRef = 072402B22C63905300145106 /* Assets.xcassets */; };
		072402B62C63905300145106 /* Preview Assets.xcassets in Resources */ = {isa = PBXBuildFile; fileRef = 072402B52C63905300145106 /* Preview Assets.xcassets */; };
		072402C02C63905400145106 /* WeatherForecastTests.swift in Sources */ = {isa = PBXBuildFile; fileRef = 072402BF2C63905400145106 /* WeatherForecastTests.swift */; };
		072402CA2C63905400145106 /* WeatherForecastUITests.swift in Sources */ = {isa = PBXBuildFile; fileRef = 072402C92C63905400145106 /* WeatherForecastUITests.swift */; };
		072402CC2C63905400145106 /* WeatherForecastUITestsLaunchTests.swift in Sources */ = {isa = PBXBuildFile; fileRef = 072402CB2C63905400145106 /* WeatherForecastUITestsLaunchTests.swift */; };
		072402DA2C639E5500145106 /* OpenMeteoSdk in Frameworks */ = {isa = PBXBuildFile; productRef = 072402D92C639E5500145106 /* OpenMeteoSdk */; };
		072403162C64AF4100145106 /* WeatherService.swift in Sources */ = {isa = PBXBuildFile; fileRef = 072403152C64AF4100145106 /* WeatherService.swift */; };
		072403182C64E9A900145106 /* WeatherData.swift in Sources */ = {isa = PBXBuildFile; fileRef = 072403172C64E9A900145106 /* WeatherData.swift */; };
		07632A9D2C88F667007685A4 /* BetterWmoCodesNight.json in Resources */ = {isa = PBXBuildFile; fileRef = 07632A9C2C88F667007685A4 /* BetterWmoCodesNight.json */; };
		07632A9F2C899F7F007685A4 /* BetterWmoCodes.json in Resources */ = {isa = PBXBuildFile; fileRef = 07632A9E2C899F7F007685A4 /* BetterWmoCodes.json */; };
		0773B3D62C75E1AA00D3762A /* GlassyCardView.swift in Sources */ = {isa = PBXBuildFile; fileRef = 0773B3D52C75E1AA00D3762A /* GlassyCardView.swift */; };
		0773B4FA2C80AE6F00D3762A /* SevenDayForecastView.swift in Sources */ = {isa = PBXBuildFile; fileRef = 0773B4F92C80AE6F00D3762A /* SevenDayForecastView.swift */; };
		0773B4FC2C80B13300D3762A /* SampleMyWeatherData.swift in Sources */ = {isa = PBXBuildFile; fileRef = 0773B4FB2C80B13300D3762A /* SampleMyWeatherData.swift */; };
		0778D1BD2C6C91FF006AE037 /* LocationManager.swift in Sources */ = {isa = PBXBuildFile; fileRef = 0778D1BC2C6C91FF006AE037 /* LocationManager.swift */; };
		07FB549D2C875C7D000991D0 /* ViewModel.swift in Sources */ = {isa = PBXBuildFile; fileRef = 07FB549C2C875C7D000991D0 /* ViewModel.swift */; };
		07FB54A32C88586A000991D0 /* WmoCodeService.swift in Sources */ = {isa = PBXBuildFile; fileRef = 07FB54A22C88586A000991D0 /* WmoCodeService.swift */; };
/* End PBXBuildFile section */

/* Begin PBXContainerItemProxy section */
		072402BC2C63905400145106 /* PBXContainerItemProxy */ = {
			isa = PBXContainerItemProxy;
			containerPortal = 072402A32C63903F00145106 /* Project object */;
			proxyType = 1;
			remoteGlobalIDString = 072402AA2C63903F00145106;
			remoteInfo = WeatherForecast;
		};
		072402C62C63905400145106 /* PBXContainerItemProxy */ = {
			isa = PBXContainerItemProxy;
			containerPortal = 072402A32C63903F00145106 /* Project object */;
			proxyType = 1;
			remoteGlobalIDString = 072402AA2C63903F00145106;
			remoteInfo = WeatherForecast;
		};
/* End PBXContainerItemProxy section */

/* Begin PBXFileReference section */
		072402AB2C63903F00145106 /* WeatherForecast.app */ = {isa = PBXFileReference; explicitFileType = wrapper.application; includeInIndex = 0; path = WeatherForecast.app; sourceTree = BUILT_PRODUCTS_DIR; };
		072402AE2C63903F00145106 /* WeatherForecastApp.swift */ = {isa = PBXFileReference; lastKnownFileType = sourcecode.swift; path = WeatherForecastApp.swift; sourceTree = "<group>"; };
		072402B02C63903F00145106 /* ContentView.swift */ = {isa = PBXFileReference; lastKnownFileType = sourcecode.swift; path = ContentView.swift; sourceTree = "<group>"; };
		072402B22C63905300145106 /* Assets.xcassets */ = {isa = PBXFileReference; lastKnownFileType = folder.assetcatalog; path = Assets.xcassets; sourceTree = "<group>"; };
		072402B52C63905300145106 /* Preview Assets.xcassets */ = {isa = PBXFileReference; lastKnownFileType = folder.assetcatalog; path = "Preview Assets.xcassets"; sourceTree = "<group>"; };
		072402BB2C63905400145106 /* WeatherForecastTests.xctest */ = {isa = PBXFileReference; explicitFileType = wrapper.cfbundle; includeInIndex = 0; path = WeatherForecastTests.xctest; sourceTree = BUILT_PRODUCTS_DIR; };
		072402BF2C63905400145106 /* WeatherForecastTests.swift */ = {isa = PBXFileReference; lastKnownFileType = sourcecode.swift; path = WeatherForecastTests.swift; sourceTree = "<group>"; };
		072402C52C63905400145106 /* WeatherForecastUITests.xctest */ = {isa = PBXFileReference; explicitFileType = wrapper.cfbundle; includeInIndex = 0; path = WeatherForecastUITests.xctest; sourceTree = BUILT_PRODUCTS_DIR; };
		072402C92C63905400145106 /* WeatherForecastUITests.swift */ = {isa = PBXFileReference; lastKnownFileType = sourcecode.swift; path = WeatherForecastUITests.swift; sourceTree = "<group>"; };
		072402CB2C63905400145106 /* WeatherForecastUITestsLaunchTests.swift */ = {isa = PBXFileReference; lastKnownFileType = sourcecode.swift; path = WeatherForecastUITestsLaunchTests.swift; sourceTree = "<group>"; };
		072403152C64AF4100145106 /* WeatherService.swift */ = {isa = PBXFileReference; lastKnownFileType = sourcecode.swift; path = WeatherService.swift; sourceTree = "<group>"; };
		072403172C64E9A900145106 /* WeatherData.swift */ = {isa = PBXFileReference; lastKnownFileType = sourcecode.swift; path = WeatherData.swift; sourceTree = "<group>"; };
		07632A9C2C88F667007685A4 /* BetterWmoCodesNight.json */ = {isa = PBXFileReference; lastKnownFileType = text.json; path = BetterWmoCodesNight.json; sourceTree = "<group>"; };
		07632A9E2C899F7F007685A4 /* BetterWmoCodes.json */ = {isa = PBXFileReference; fileEncoding = 4; lastKnownFileType = text.json; path = BetterWmoCodes.json; sourceTree = "<group>"; };
		0773B3D52C75E1AA00D3762A /* GlassyCardView.swift */ = {isa = PBXFileReference; lastKnownFileType = sourcecode.swift; path = GlassyCardView.swift; sourceTree = "<group>"; };
		0773B4F92C80AE6F00D3762A /* SevenDayForecastView.swift */ = {isa = PBXFileReference; lastKnownFileType = sourcecode.swift; path = SevenDayForecastView.swift; sourceTree = "<group>"; };
		0773B4FB2C80B13300D3762A /* SampleMyWeatherData.swift */ = {isa = PBXFileReference; lastKnownFileType = sourcecode.swift; path = SampleMyWeatherData.swift; sourceTree = "<group>"; };
		0778D1BC2C6C91FF006AE037 /* LocationManager.swift */ = {isa = PBXFileReference; lastKnownFileType = sourcecode.swift; path = LocationManager.swift; sourceTree = "<group>"; };
		07E6E9262C6B795D00ECD6DC /* Info.plist */ = {isa = PBXFileReference; lastKnownFileType = text.plist; path = Info.plist; sourceTree = "<group>"; };
		07FB549C2C875C7D000991D0 /* ViewModel.swift */ = {isa = PBXFileReference; lastKnownFileType = sourcecode.swift; path = ViewModel.swift; sourceTree = "<group>"; };
		07FB54A22C88586A000991D0 /* WmoCodeService.swift */ = {isa = PBXFileReference; lastKnownFileType = sourcecode.swift; path = WmoCodeService.swift; sourceTree = "<group>"; };
/* End PBXFileReference section */

/* Begin PBXFrameworksBuildPhase section */
		072402A82C63903F00145106 /* Frameworks */ = {
			isa = PBXFrameworksBuildPhase;
			buildActionMask = 2147483647;
			files = (
				072402DA2C639E5500145106 /* OpenMeteoSdk in Frameworks */,
			);
			runOnlyForDeploymentPostprocessing = 0;
		};
		072402B82C63905400145106 /* Frameworks */ = {
			isa = PBXFrameworksBuildPhase;
			buildActionMask = 2147483647;
			files = (
			);
			runOnlyForDeploymentPostprocessing = 0;
		};
		072402C22C63905400145106 /* Frameworks */ = {
			isa = PBXFrameworksBuildPhase;
			buildActionMask = 2147483647;
			files = (
			);
			runOnlyForDeploymentPostprocessing = 0;
		};
/* End PBXFrameworksBuildPhase section */

/* Begin PBXGroup section */
		072402A22C63903F00145106 = {
			isa = PBXGroup;
			children = (
				072402AD2C63903F00145106 /* WeatherForecast */,
				072402BE2C63905400145106 /* WeatherForecastTests */,
				072402C82C63905400145106 /* WeatherForecastUITests */,
				072402AC2C63903F00145106 /* Products */,
			);
			sourceTree = "<group>";
		};
		072402AC2C63903F00145106 /* Products */ = {
			isa = PBXGroup;
			children = (
				072402AB2C63903F00145106 /* WeatherForecast.app */,
				072402BB2C63905400145106 /* WeatherForecastTests.xctest */,
				072402C52C63905400145106 /* WeatherForecastUITests.xctest */,
			);
			name = Products;
			sourceTree = "<group>";
		};
		072402AD2C63903F00145106 /* WeatherForecast */ = {
			isa = PBXGroup;
			children = (
				07E6E9262C6B795D00ECD6DC /* Info.plist */,
				072402AE2C63903F00145106 /* WeatherForecastApp.swift */,
				072402B02C63903F00145106 /* ContentView.swift */,
				072402B22C63905300145106 /* Assets.xcassets */,
				072402B42C63905300145106 /* Preview Content */,
				072403152C64AF4100145106 /* WeatherService.swift */,
				072403172C64E9A900145106 /* WeatherData.swift */,
				0778D1BC2C6C91FF006AE037 /* LocationManager.swift */,
				0773B3D52C75E1AA00D3762A /* GlassyCardView.swift */,
				0773B4F92C80AE6F00D3762A /* SevenDayForecastView.swift */,
				0773B4FB2C80B13300D3762A /* SampleMyWeatherData.swift */,
				07FB549C2C875C7D000991D0 /* ViewModel.swift */,
				07FB54A22C88586A000991D0 /* WmoCodeService.swift */,
				07632A9E2C899F7F007685A4 /* BetterWmoCodes.json */,
				07632A9C2C88F667007685A4 /* BetterWmoCodesNight.json */,
			);
			path = WeatherForecast;
			sourceTree = "<group>";
		};
		072402B42C63905300145106 /* Preview Content */ = {
			isa = PBXGroup;
			children = (
				072402B52C63905300145106 /* Preview Assets.xcassets */,
			);
			path = "Preview Content";
			sourceTree = "<group>";
		};
		072402BE2C63905400145106 /* WeatherForecastTests */ = {
			isa = PBXGroup;
			children = (
				072402BF2C63905400145106 /* WeatherForecastTests.swift */,
			);
			path = WeatherForecastTests;
			sourceTree = "<group>";
		};
		072402C82C63905400145106 /* WeatherForecastUITests */ = {
			isa = PBXGroup;
			children = (
				072402C92C63905400145106 /* WeatherForecastUITests.swift */,
				072402CB2C63905400145106 /* WeatherForecastUITestsLaunchTests.swift */,
			);
			path = WeatherForecastUITests;
			sourceTree = "<group>";
		};
/* End PBXGroup section */

/* Begin PBXNativeTarget section */
		072402AA2C63903F00145106 /* WeatherForecast */ = {
			isa = PBXNativeTarget;
			buildConfigurationList = 072402CF2C63905400145106 /* Build configuration list for PBXNativeTarget "WeatherForecast" */;
			buildPhases = (
				072402A72C63903F00145106 /* Sources */,
				072402A82C63903F00145106 /* Frameworks */,
				072402A92C63903F00145106 /* Resources */,
			);
			buildRules = (
			);
			dependencies = (
			);
			name = WeatherForecast;
			packageProductDependencies = (
				072402D92C639E5500145106 /* OpenMeteoSdk */,
			);
			productName = WeatherForecast;
			productReference = 072402AB2C63903F00145106 /* WeatherForecast.app */;
			productType = "com.apple.product-type.application";
		};
		072402BA2C63905400145106 /* WeatherForecastTests */ = {
			isa = PBXNativeTarget;
			buildConfigurationList = 072402D22C63905400145106 /* Build configuration list for PBXNativeTarget "WeatherForecastTests" */;
			buildPhases = (
				072402B72C63905400145106 /* Sources */,
				072402B82C63905400145106 /* Frameworks */,
				072402B92C63905400145106 /* Resources */,
			);
			buildRules = (
			);
			dependencies = (
				072402BD2C63905400145106 /* PBXTargetDependency */,
			);
			name = WeatherForecastTests;
			productName = WeatherForecastTests;
			productReference = 072402BB2C63905400145106 /* WeatherForecastTests.xctest */;
			productType = "com.apple.product-type.bundle.unit-test";
		};
		072402C42C63905400145106 /* WeatherForecastUITests */ = {
			isa = PBXNativeTarget;
			buildConfigurationList = 072402D52C63905400145106 /* Build configuration list for PBXNativeTarget "WeatherForecastUITests" */;
			buildPhases = (
				072402C12C63905400145106 /* Sources */,
				072402C22C63905400145106 /* Frameworks */,
				072402C32C63905400145106 /* Resources */,
			);
			buildRules = (
			);
			dependencies = (
				072402C72C63905400145106 /* PBXTargetDependency */,
			);
			name = WeatherForecastUITests;
			productName = WeatherForecastUITests;
			productReference = 072402C52C63905400145106 /* WeatherForecastUITests.xctest */;
			productType = "com.apple.product-type.bundle.ui-testing";
		};
/* End PBXNativeTarget section */

/* Begin PBXProject section */
		072402A32C63903F00145106 /* Project object */ = {
			isa = PBXProject;
			attributes = {
				BuildIndependentTargetsInParallel = 1;
				LastSwiftUpdateCheck = 1540;
				LastUpgradeCheck = 1540;
				TargetAttributes = {
					072402AA2C63903F00145106 = {
						CreatedOnToolsVersion = 15.4;
					};
					072402BA2C63905400145106 = {
						CreatedOnToolsVersion = 15.4;
						TestTargetID = 072402AA2C63903F00145106;
					};
					072402C42C63905400145106 = {
						CreatedOnToolsVersion = 15.4;
						TestTargetID = 072402AA2C63903F00145106;
					};
				};
			};
			buildConfigurationList = 072402A62C63903F00145106 /* Build configuration list for PBXProject "WeatherForecast" */;
			compatibilityVersion = "Xcode 14.0";
			developmentRegion = en;
			hasScannedForEncodings = 0;
			knownRegions = (
				en,
				Base,
			);
			mainGroup = 072402A22C63903F00145106;
			packageReferences = (
				072402D82C639E5500145106 /* XCRemoteSwiftPackageReference "sdk" */,
			);
			productRefGroup = 072402AC2C63903F00145106 /* Products */;
			projectDirPath = "";
			projectRoot = "";
			targets = (
				072402AA2C63903F00145106 /* WeatherForecast */,
				072402BA2C63905400145106 /* WeatherForecastTests */,
				072402C42C63905400145106 /* WeatherForecastUITests */,
			);
		};
/* End PBXProject section */

/* Begin PBXResourcesBuildPhase section */
		072402A92C63903F00145106 /* Resources */ = {
			isa = PBXResourcesBuildPhase;
			buildActionMask = 2147483647;
			files = (
				072402B62C63905300145106 /* Preview Assets.xcassets in Resources */,
				07632A9D2C88F667007685A4 /* BetterWmoCodesNight.json in Resources */,
				07632A9F2C899F7F007685A4 /* BetterWmoCodes.json in Resources */,
				072402B32C63905300145106 /* Assets.xcassets in Resources */,
			);
			runOnlyForDeploymentPostprocessing = 0;
		};
		072402B92C63905400145106 /* Resources */ = {
			isa = PBXResourcesBuildPhase;
			buildActionMask = 2147483647;
			files = (
			);
			runOnlyForDeploymentPostprocessing = 0;
		};
		072402C32C63905400145106 /* Resources */ = {
			isa = PBXResourcesBuildPhase;
			buildActionMask = 2147483647;
			files = (
			);
			runOnlyForDeploymentPostprocessing = 0;
		};
/* End PBXResourcesBuildPhase section */

/* Begin PBXSourcesBuildPhase section */
		072402A72C63903F00145106 /* Sources */ = {
			isa = PBXSourcesBuildPhase;
			buildActionMask = 2147483647;
			files = (
				072402B12C63903F00145106 /* ContentView.swift in Sources */,
				07FB549D2C875C7D000991D0 /* ViewModel.swift in Sources */,
				07FB54A32C88586A000991D0 /* WmoCodeService.swift in Sources */,
				072403162C64AF4100145106 /* WeatherService.swift in Sources */,
				0778D1BD2C6C91FF006AE037 /* LocationManager.swift in Sources */,
				0773B4FA2C80AE6F00D3762A /* SevenDayForecastView.swift in Sources */,
				0773B3D62C75E1AA00D3762A /* GlassyCardView.swift in Sources */,
				072403182C64E9A900145106 /* WeatherData.swift in Sources */,
				0773B4FC2C80B13300D3762A /* SampleMyWeatherData.swift in Sources */,
				072402AF2C63903F00145106 /* WeatherForecastApp.swift in Sources */,
			);
			runOnlyForDeploymentPostprocessing = 0;
		};
		072402B72C63905400145106 /* Sources */ = {
			isa = PBXSourcesBuildPhase;
			buildActionMask = 2147483647;
			files = (
				072402C02C63905400145106 /* WeatherForecastTests.swift in Sources */,
			);
			runOnlyForDeploymentPostprocessing = 0;
		};
		072402C12C63905400145106 /* Sources */ = {
			isa = PBXSourcesBuildPhase;
			buildActionMask = 2147483647;
			files = (
				072402CC2C63905400145106 /* WeatherForecastUITestsLaunchTests.swift in Sources */,
				072402CA2C63905400145106 /* WeatherForecastUITests.swift in Sources */,
			);
			runOnlyForDeploymentPostprocessing = 0;
		};
/* End PBXSourcesBuildPhase section */

/* Begin PBXTargetDependency section */
		072402BD2C63905400145106 /* PBXTargetDependency */ = {
			isa = PBXTargetDependency;
			target = 072402AA2C63903F00145106 /* WeatherForecast */;
			targetProxy = 072402BC2C63905400145106 /* PBXContainerItemProxy */;
		};
		072402C72C63905400145106 /* PBXTargetDependency */ = {
			isa = PBXTargetDependency;
			target = 072402AA2C63903F00145106 /* WeatherForecast */;
			targetProxy = 072402C62C63905400145106 /* PBXContainerItemProxy */;
		};
/* End PBXTargetDependency section */

/* Begin XCBuildConfiguration section */
		072402CD2C63905400145106 /* Debug */ = {
			isa = XCBuildConfiguration;
			buildSettings = {
				ALWAYS_SEARCH_USER_PATHS = NO;
				ASSETCATALOG_COMPILER_GENERATE_SWIFT_ASSET_SYMBOL_EXTENSIONS = YES;
				CLANG_ANALYZER_NONNULL = YES;
				CLANG_ANALYZER_NUMBER_OBJECT_CONVERSION = YES_AGGRESSIVE;
				CLANG_CXX_LANGUAGE_STANDARD = "gnu++20";
				CLANG_ENABLE_MODULES = YES;
				CLANG_ENABLE_OBJC_ARC = YES;
				CLANG_ENABLE_OBJC_WEAK = YES;
				CLANG_WARN_BLOCK_CAPTURE_AUTORELEASING = YES;
				CLANG_WARN_BOOL_CONVERSION = YES;
				CLANG_WARN_COMMA = YES;
				CLANG_WARN_CONSTANT_CONVERSION = YES;
				CLANG_WARN_DEPRECATED_OBJC_IMPLEMENTATIONS = YES;
				CLANG_WARN_DIRECT_OBJC_ISA_USAGE = YES_ERROR;
				CLANG_WARN_DOCUMENTATION_COMMENTS = YES;
				CLANG_WARN_EMPTY_BODY = YES;
				CLANG_WARN_ENUM_CONVERSION = YES;
				CLANG_WARN_INFINITE_RECURSION = YES;
				CLANG_WARN_INT_CONVERSION = YES;
				CLANG_WARN_NON_LITERAL_NULL_CONVERSION = YES;
				CLANG_WARN_OBJC_IMPLICIT_RETAIN_SELF = YES;
				CLANG_WARN_OBJC_LITERAL_CONVERSION = YES;
				CLANG_WARN_OBJC_ROOT_CLASS = YES_ERROR;
				CLANG_WARN_QUOTED_INCLUDE_IN_FRAMEWORK_HEADER = YES;
				CLANG_WARN_RANGE_LOOP_ANALYSIS = YES;
				CLANG_WARN_STRICT_PROTOTYPES = YES;
				CLANG_WARN_SUSPICIOUS_MOVE = YES;
				CLANG_WARN_UNGUARDED_AVAILABILITY = YES_AGGRESSIVE;
				CLANG_WARN_UNREACHABLE_CODE = YES;
				CLANG_WARN__DUPLICATE_METHOD_MATCH = YES;
				COPY_PHASE_STRIP = NO;
				DEBUG_INFORMATION_FORMAT = dwarf;
				ENABLE_STRICT_OBJC_MSGSEND = YES;
				ENABLE_TESTABILITY = YES;
				ENABLE_USER_SCRIPT_SANDBOXING = YES;
				GCC_C_LANGUAGE_STANDARD = gnu17;
				GCC_DYNAMIC_NO_PIC = NO;
				GCC_NO_COMMON_BLOCKS = YES;
				GCC_OPTIMIZATION_LEVEL = 0;
				GCC_PREPROCESSOR_DEFINITIONS = (
					"DEBUG=1",
					"$(inherited)",
				);
				GCC_WARN_64_TO_32_BIT_CONVERSION = YES;
				GCC_WARN_ABOUT_RETURN_TYPE = YES_ERROR;
				GCC_WARN_UNDECLARED_SELECTOR = YES;
				GCC_WARN_UNINITIALIZED_AUTOS = YES_AGGRESSIVE;
				GCC_WARN_UNUSED_FUNCTION = YES;
				GCC_WARN_UNUSED_VARIABLE = YES;
				IPHONEOS_DEPLOYMENT_TARGET = 17.5;
				LOCALIZATION_PREFERS_STRING_CATALOGS = YES;
				MTL_ENABLE_DEBUG_INFO = INCLUDE_SOURCE;
				MTL_FAST_MATH = YES;
				ONLY_ACTIVE_ARCH = YES;
				SDKROOT = iphoneos;
				SWIFT_ACTIVE_COMPILATION_CONDITIONS = "DEBUG $(inherited)";
				SWIFT_OPTIMIZATION_LEVEL = "-Onone";
			};
			name = Debug;
		};
		072402CE2C63905400145106 /* Release */ = {
			isa = XCBuildConfiguration;
			buildSettings = {
				ALWAYS_SEARCH_USER_PATHS = NO;
				ASSETCATALOG_COMPILER_GENERATE_SWIFT_ASSET_SYMBOL_EXTENSIONS = YES;
				CLANG_ANALYZER_NONNULL = YES;
				CLANG_ANALYZER_NUMBER_OBJECT_CONVERSION = YES_AGGRESSIVE;
				CLANG_CXX_LANGUAGE_STANDARD = "gnu++20";
				CLANG_ENABLE_MODULES = YES;
				CLANG_ENABLE_OBJC_ARC = YES;
				CLANG_ENABLE_OBJC_WEAK = YES;
				CLANG_WARN_BLOCK_CAPTURE_AUTORELEASING = YES;
				CLANG_WARN_BOOL_CONVERSION = YES;
				CLANG_WARN_COMMA = YES;
				CLANG_WARN_CONSTANT_CONVERSION = YES;
				CLANG_WARN_DEPRECATED_OBJC_IMPLEMENTATIONS = YES;
				CLANG_WARN_DIRECT_OBJC_ISA_USAGE = YES_ERROR;
				CLANG_WARN_DOCUMENTATION_COMMENTS = YES;
				CLANG_WARN_EMPTY_BODY = YES;
				CLANG_WARN_ENUM_CONVERSION = YES;
				CLANG_WARN_INFINITE_RECURSION = YES;
				CLANG_WARN_INT_CONVERSION = YES;
				CLANG_WARN_NON_LITERAL_NULL_CONVERSION = YES;
				CLANG_WARN_OBJC_IMPLICIT_RETAIN_SELF = YES;
				CLANG_WARN_OBJC_LITERAL_CONVERSION = YES;
				CLANG_WARN_OBJC_ROOT_CLASS = YES_ERROR;
				CLANG_WARN_QUOTED_INCLUDE_IN_FRAMEWORK_HEADER = YES;
				CLANG_WARN_RANGE_LOOP_ANALYSIS = YES;
				CLANG_WARN_STRICT_PROTOTYPES = YES;
				CLANG_WARN_SUSPICIOUS_MOVE = YES;
				CLANG_WARN_UNGUARDED_AVAILABILITY = YES_AGGRESSIVE;
				CLANG_WARN_UNREACHABLE_CODE = YES;
				CLANG_WARN__DUPLICATE_METHOD_MATCH = YES;
				COPY_PHASE_STRIP = NO;
				DEBUG_INFORMATION_FORMAT = "dwarf-with-dsym";
				ENABLE_NS_ASSERTIONS = NO;
				ENABLE_STRICT_OBJC_MSGSEND = YES;
				ENABLE_USER_SCRIPT_SANDBOXING = YES;
				GCC_C_LANGUAGE_STANDARD = gnu17;
				GCC_NO_COMMON_BLOCKS = YES;
				GCC_WARN_64_TO_32_BIT_CONVERSION = YES;
				GCC_WARN_ABOUT_RETURN_TYPE = YES_ERROR;
				GCC_WARN_UNDECLARED_SELECTOR = YES;
				GCC_WARN_UNINITIALIZED_AUTOS = YES_AGGRESSIVE;
				GCC_WARN_UNUSED_FUNCTION = YES;
				GCC_WARN_UNUSED_VARIABLE = YES;
				IPHONEOS_DEPLOYMENT_TARGET = 17.5;
				LOCALIZATION_PREFERS_STRING_CATALOGS = YES;
				MTL_ENABLE_DEBUG_INFO = NO;
				MTL_FAST_MATH = YES;
				SDKROOT = iphoneos;
				SWIFT_COMPILATION_MODE = wholemodule;
				VALIDATE_PRODUCT = YES;
			};
			name = Release;
		};
		072402D02C63905400145106 /* Debug */ = {
			isa = XCBuildConfiguration;
			buildSettings = {
				ASSETCATALOG_COMPILER_APPICON_NAME = AppIcon;
				ASSETCATALOG_COMPILER_GLOBAL_ACCENT_COLOR_NAME = AccentColor;
				CODE_SIGN_STYLE = Automatic;
				CURRENT_PROJECT_VERSION = 1;
				DEVELOPMENT_ASSET_PATHS = "\"WeatherForecast/Preview Content\"";
				DEVELOPMENT_TEAM = 4329DP88K8;
				ENABLE_PREVIEWS = YES;
				GENERATE_INFOPLIST_FILE = YES;
				INFOPLIST_FILE = WeatherForecast/Info.plist;
				INFOPLIST_KEY_NSLocationWhenInUseUsageDescription = "This App needs your location to provide weather data from your location to you";
				INFOPLIST_KEY_UIApplicationSceneManifest_Generation = YES;
				INFOPLIST_KEY_UIApplicationSupportsIndirectInputEvents = YES;
				INFOPLIST_KEY_UILaunchScreen_Generation = YES;
				INFOPLIST_KEY_UISupportedInterfaceOrientations_iPad = "UIInterfaceOrientationPortrait UIInterfaceOrientationPortraitUpsideDown UIInterfaceOrientationLandscapeLeft UIInterfaceOrientationLandscapeRight";
				INFOPLIST_KEY_UISupportedInterfaceOrientations_iPhone = "UIInterfaceOrientationPortrait UIInterfaceOrientationLandscapeLeft UIInterfaceOrientationLandscapeRight";
				LD_RUNPATH_SEARCH_PATHS = (
					"$(inherited)",
					"@executable_path/Frameworks",
				);
				MARKETING_VERSION = 1.0;
				PRODUCT_BUNDLE_IDENTIFIER = name.oliverblass.WeatherForecast;
				PRODUCT_NAME = "$(TARGET_NAME)";
				SWIFT_EMIT_LOC_STRINGS = YES;
				SWIFT_VERSION = 5.0;
				TARGETED_DEVICE_FAMILY = "1,2";
			};
			name = Debug;
		};
		072402D12C63905400145106 /* Release */ = {
			isa = XCBuildConfiguration;
			buildSettings = {
				ASSETCATALOG_COMPILER_APPICON_NAME = AppIcon;
				ASSETCATALOG_COMPILER_GLOBAL_ACCENT_COLOR_NAME = AccentColor;
				CODE_SIGN_STYLE = Automatic;
				CURRENT_PROJECT_VERSION = 1;
				DEVELOPMENT_ASSET_PATHS = "\"WeatherForecast/Preview Content\"";
				DEVELOPMENT_TEAM = 4329DP88K8;
				ENABLE_PREVIEWS = YES;
				GENERATE_INFOPLIST_FILE = YES;
				INFOPLIST_FILE = WeatherForecast/Info.plist;
				INFOPLIST_KEY_NSLocationWhenInUseUsageDescription = "This App needs your location to provide weather data from your location to you";
				INFOPLIST_KEY_UIApplicationSceneManifest_Generation = YES;
				INFOPLIST_KEY_UIApplicationSupportsIndirectInputEvents = YES;
				INFOPLIST_KEY_UILaunchScreen_Generation = YES;
				INFOPLIST_KEY_UISupportedInterfaceOrientations_iPad = "UIInterfaceOrientationPortrait UIInterfaceOrientationPortraitUpsideDown UIInterfaceOrientationLandscapeLeft UIInterfaceOrientationLandscapeRight";
				INFOPLIST_KEY_UISupportedInterfaceOrientations_iPhone = "UIInterfaceOrientationPortrait UIInterfaceOrientationLandscapeLeft UIInterfaceOrientationLandscapeRight";
				LD_RUNPATH_SEARCH_PATHS = (
					"$(inherited)",
					"@executable_path/Frameworks",
				);
				MARKETING_VERSION = 1.0;
				PRODUCT_BUNDLE_IDENTIFIER = name.oliverblass.WeatherForecast;
				PRODUCT_NAME = "$(TARGET_NAME)";
				SWIFT_EMIT_LOC_STRINGS = YES;
				SWIFT_VERSION = 5.0;
				TARGETED_DEVICE_FAMILY = "1,2";
			};
			name = Release;
		};
		072402D32C63905400145106 /* Debug */ = {
			isa = XCBuildConfiguration;
			buildSettings = {
				ALWAYS_EMBED_SWIFT_STANDARD_LIBRARIES = YES;
				BUNDLE_LOADER = "$(TEST_HOST)";
				CODE_SIGN_STYLE = Automatic;
				CURRENT_PROJECT_VERSION = 1;
				GENERATE_INFOPLIST_FILE = YES;
				IPHONEOS_DEPLOYMENT_TARGET = 17.5;
				MARKETING_VERSION = 1.0;
				PRODUCT_BUNDLE_IDENTIFIER = name.oliverblass.WeatherForecastTests;
				PRODUCT_NAME = "$(TARGET_NAME)";
				SWIFT_EMIT_LOC_STRINGS = NO;
				SWIFT_VERSION = 5.0;
				TARGETED_DEVICE_FAMILY = "1,2";
				TEST_HOST = "$(BUILT_PRODUCTS_DIR)/WeatherForecast.app/$(BUNDLE_EXECUTABLE_FOLDER_PATH)/WeatherForecast";
			};
			name = Debug;
		};
		072402D42C63905400145106 /* Release */ = {
			isa = XCBuildConfiguration;
			buildSettings = {
				ALWAYS_EMBED_SWIFT_STANDARD_LIBRARIES = YES;
				BUNDLE_LOADER = "$(TEST_HOST)";
				CODE_SIGN_STYLE = Automatic;
				CURRENT_PROJECT_VERSION = 1;
				GENERATE_INFOPLIST_FILE = YES;
				IPHONEOS_DEPLOYMENT_TARGET = 17.5;
				MARKETING_VERSION = 1.0;
				PRODUCT_BUNDLE_IDENTIFIER = name.oliverblass.WeatherForecastTests;
				PRODUCT_NAME = "$(TARGET_NAME)";
				SWIFT_EMIT_LOC_STRINGS = NO;
				SWIFT_VERSION = 5.0;
				TARGETED_DEVICE_FAMILY = "1,2";
				TEST_HOST = "$(BUILT_PRODUCTS_DIR)/WeatherForecast.app/$(BUNDLE_EXECUTABLE_FOLDER_PATH)/WeatherForecast";
			};
			name = Release;
		};
		072402D62C63905400145106 /* Debug */ = {
			isa = XCBuildConfiguration;
			buildSettings = {
				ALWAYS_EMBED_SWIFT_STANDARD_LIBRARIES = YES;
				CODE_SIGN_STYLE = Automatic;
				CURRENT_PROJECT_VERSION = 1;
				GENERATE_INFOPLIST_FILE = YES;
				MARKETING_VERSION = 1.0;
				PRODUCT_BUNDLE_IDENTIFIER = name.oliverblass.WeatherForecastUITests;
				PRODUCT_NAME = "$(TARGET_NAME)";
				SWIFT_EMIT_LOC_STRINGS = NO;
				SWIFT_VERSION = 5.0;
				TARGETED_DEVICE_FAMILY = "1,2";
				TEST_TARGET_NAME = WeatherForecast;
			};
			name = Debug;
		};
		072402D72C63905400145106 /* Release */ = {
			isa = XCBuildConfiguration;
			buildSettings = {
				ALWAYS_EMBED_SWIFT_STANDARD_LIBRARIES = YES;
				CODE_SIGN_STYLE = Automatic;
				CURRENT_PROJECT_VERSION = 1;
				GENERATE_INFOPLIST_FILE = YES;
				MARKETING_VERSION = 1.0;
				PRODUCT_BUNDLE_IDENTIFIER = name.oliverblass.WeatherForecastUITests;
				PRODUCT_NAME = "$(TARGET_NAME)";
				SWIFT_EMIT_LOC_STRINGS = NO;
				SWIFT_VERSION = 5.0;
				TARGETED_DEVICE_FAMILY = "1,2";
				TEST_TARGET_NAME = WeatherForecast;
			};
			name = Release;
		};
/* End XCBuildConfiguration section */

/* Begin XCConfigurationList section */
		072402A62C63903F00145106 /* Build configuration list for PBXProject "WeatherForecast" */ = {
			isa = XCConfigurationList;
			buildConfigurations = (
				072402CD2C63905400145106 /* Debug */,
				072402CE2C63905400145106 /* Release */,
			);
			defaultConfigurationIsVisible = 0;
			defaultConfigurationName = Release;
		};
		072402CF2C63905400145106 /* Build configuration list for PBXNativeTarget "WeatherForecast" */ = {
			isa = XCConfigurationList;
			buildConfigurations = (
				072402D02C63905400145106 /* Debug */,
				072402D12C63905400145106 /* Release */,
			);
			defaultConfigurationIsVisible = 0;
			defaultConfigurationName = Release;
		};
		072402D22C63905400145106 /* Build configuration list for PBXNativeTarget "WeatherForecastTests" */ = {
			isa = XCConfigurationList;
			buildConfigurations = (
				072402D32C63905400145106 /* Debug */,
				072402D42C63905400145106 /* Release */,
			);
			defaultConfigurationIsVisible = 0;
			defaultConfigurationName = Release;
		};
		072402D52C63905400145106 /* Build configuration list for PBXNativeTarget "WeatherForecastUITests" */ = {
			isa = XCConfigurationList;
			buildConfigurations = (
				072402D62C63905400145106 /* Debug */,
				072402D72C63905400145106 /* Release */,
			);
			defaultConfigurationIsVisible = 0;
			defaultConfigurationName = Release;
		};
/* End XCConfigurationList section */

/* Begin XCRemoteSwiftPackageReference section */
		072402D82C639E5500145106 /* XCRemoteSwiftPackageReference "sdk" */ = {
			isa = XCRemoteSwiftPackageReference;
			repositoryURL = "https://github.com/open-meteo/sdk.git";
			requirement = {
				branch = main;
				kind = branch;
			};
		};
/* End XCRemoteSwiftPackageReference section */

/* Begin XCSwiftPackageProductDependency section */
		072402D92C639E5500145106 /* OpenMeteoSdk */ = {
			isa = XCSwiftPackageProductDependency;
			package = 072402D82C639E5500145106 /* XCRemoteSwiftPackageReference "sdk" */;
			productName = OpenMeteoSdk;
		};
/* End XCSwiftPackageProductDependency section */
	};
	rootObject = 072402A32C63903F00145106 /* Project object */;
}
